
Microsoft Visual Studio Solution File, Format Version 12.00
# Visual Studio 2013
VisualStudioVersion = 12.0.31101.0
MinimumVisualStudioVersion = 10.0.40219.1
Project("{2150E333-8FDC-42A3-9474-1A3956D46DE8}") = "src", "src", "{3E48A53E-C8B5-4DE3-A51F-4F84F2A83413}"
EndProject
Project("{2150E333-8FDC-42A3-9474-1A3956D46DE8}") = "test", "test", "{C915F492-E693-4BB3-B97B-C699FD581991}"
EndProject
Project("{2150E333-8FDC-42A3-9474-1A3956D46DE8}") = "DataStructures", "DataStructures", "{BE56D31A-1457-454C-B084-B8F645E8D7F6}"
EndProject
Project("{FAE04EC0-301F-11D3-BF4B-00C04F79EFBC}") = "LinkedList", "DataStructures\LinkedLists\LinkedList\LinkedList.csproj", "{FE94F32B-E9B9-4A31-85EE-BCA5366D963F}"
EndProject
Project("{FAE04EC0-301F-11D3-BF4B-00C04F79EFBC}") = "LinkedListTest", "DataStructures\LinkedLists\LinkedListTest\LinkedListTest.csproj", "{6294096E-EC5C-46B6-8BA6-6BCC2D181A6C}"
EndProject
Project("{2150E333-8FDC-42A3-9474-1A3956D46DE8}") = "Strings", "Strings", "{1BC65096-362C-4FBE-8787-C5B10ACA15D4}"
EndProject
Project("{FAE04EC0-301F-11D3-BF4B-00C04F79EFBC}") = "BinarySearchTree", "BST\BinarySearchTree.csproj", "{9B3E64A7-EF17-4066-B283-8AA8463C740D}"
EndProject
Project("{FAE04EC0-301F-11D3-BF4B-00C04F79EFBC}") = "BinarySearchTreeTest", "DataStructures\BinaraySearchTrees\BinarySearchTreeTest\BinarySearchTreeTest.csproj", "{00BE2B7C-37F9-4310-85DE-AF35F1057754}"
EndProject
Project("{FAE04EC0-301F-11D3-BF4B-00C04F79EFBC}") = "Queue", "DataStructures\Queues\Queue\Queue.csproj", "{1066E43D-EDCE-47A3-9D2D-0F55AFDCA88B}"
EndProject
Project("{FAE04EC0-301F-11D3-BF4B-00C04F79EFBC}") = "QueueTest", "DataStructures\Queues\QueueTest\QueueTest.csproj", "{051C9BBA-A0B0-456C-BBD4-444207B8D82F}"
EndProject
Project("{FAE04EC0-301F-11D3-BF4B-00C04F79EFBC}") = "StringReverseTest", "Strings\StringReverse\StringReverseTest\StringReverseTest.csproj", "{80DD867B-EDBE-422C-9800-3E89581677BE}"
EndProject
Project("{FAE04EC0-301F-11D3-BF4B-00C04F79EFBC}") = "PhoneNumberParser", "Strings\PhoneNumberParser\AlphanumericPhoneNumber\PhoneNumberParser.csproj", "{C1F2691B-C104-4038-A02B-BD11BE3219DF}"
EndProject
Project("{FAE04EC0-301F-11D3-BF4B-00C04F79EFBC}") = "PhoneNumberParserTest", "Strings\PhoneNumberParser\AlphanumericPhoneNumberTest\PhoneNumberParserTest.csproj", "{29A547D5-4B30-40F0-A328-C2111752F810}"
EndProject
Project("{FAE04EC0-301F-11D3-BF4B-00C04F79EFBC}") = "StringPermutation", "Strings\StringPermutation\StringPermutation\StringPermutation.csproj", "{F9406D2C-A5B0-480D-9375-212F94964B93}"
EndProject
Project("{FAE04EC0-301F-11D3-BF4B-00C04F79EFBC}") = "StringPermutationTest", "Strings\StringPermutation\StringPermutationTest\StringPermutationTest.csproj", "{CC47582D-3337-409F-BAFE-9EA60308C9AE}"
EndProject
Project("{FAE04EC0-301F-11D3-BF4B-00C04F79EFBC}") = "StringCombination", "Strings\StringCombination\StringCombination\StringCombination.csproj", "{F8FB71D0-6E61-4A11-B7B2-550B99233E3D}"
EndProject
Project("{FAE04EC0-301F-11D3-BF4B-00C04F79EFBC}") = "StringCombinationTest", "Strings\StringCombination\StringCombinationTest\StringCombinationTest.csproj", "{F98AB756-AA37-4304-B058-6626FBCF79F0}"
EndProject
Global
	GlobalSection(TeamFoundationVersionControl) = preSolution
		SccNumberOfProjects = 14
		SccEnterpriseProvider = {4CA58AB2-18FA-4F8D-95D4-32DDF27D184C}
		SccTeamFoundationServer = https://tfs.codeplex.com/tfs/tfs15
		SccLocalPath0 = .
		SccProjectUniqueName1 = DataStructures\\LinkedLists\\LinkedList\\LinkedList.csproj
		SccProjectTopLevelParentUniqueName1 = CodingInterview.sln
		SccProjectName1 = DataStructures/LinkedLists/LinkedList
		SccLocalPath1 = DataStructures\\LinkedLists\\LinkedList
		SccProjectUniqueName2 = DataStructures\\LinkedLists\\LinkedListTest\\LinkedListTest.csproj
		SccProjectTopLevelParentUniqueName2 = CodingInterview.sln
		SccProjectName2 = DataStructures/LinkedLists/LinkedListTest
		SccLocalPath2 = DataStructures\\LinkedLists\\LinkedListTest
		SccProjectUniqueName3 = BST\\BinarySearchTree.csproj
		SccProjectTopLevelParentUniqueName3 = CodingInterview.sln
		SccProjectName3 = BST
		SccLocalPath3 = BST
		SccProjectUniqueName4 = DataStructures\\BinaraySearchTrees\\BinarySearchTreeTest\\BinarySearchTreeTest.csproj
		SccProjectTopLevelParentUniqueName4 = CodingInterview.sln
		SccProjectName4 = DataStructures/BinaraySearchTrees/BinarySearchTreeTest
		SccLocalPath4 = DataStructures\\BinaraySearchTrees\\BinarySearchTreeTest
		SccProjectUniqueName5 = DataStructures\\Queues\\Queue\\Queue.csproj
		SccProjectTopLevelParentUniqueName5 = CodingInterview.sln
		SccProjectName5 = DataStructures/Queues/Queue
		SccLocalPath5 = DataStructures\\Queues\\Queue
		SccProjectUniqueName6 = DataStructures\\Queues\\QueueTest\\QueueTest.csproj
		SccProjectTopLevelParentUniqueName6 = CodingInterview.sln
		SccProjectName6 = DataStructures/Queues/QueueTest
		SccLocalPath6 = DataStructures\\Queues\\QueueTest
		SccProjectUniqueName7 = Strings\\PhoneNumberParser\\AlphanumericPhoneNumber\\PhoneNumberParser.csproj
		SccProjectTopLevelParentUniqueName7 = CodingInterview.sln
		SccProjectName7 = Strings/PhoneNumberParser/AlphanumericPhoneNumber
		SccLocalPath7 = Strings\\PhoneNumberParser\\AlphanumericPhoneNumber
		SccProjectUniqueName8 = Strings\\PhoneNumberParser\\AlphanumericPhoneNumberTest\\PhoneNumberParserTest.csproj
		SccProjectTopLevelParentUniqueName8 = CodingInterview.sln
		SccProjectName8 = Strings/PhoneNumberParser/AlphanumericPhoneNumberTest
		SccLocalPath8 = Strings\\PhoneNumberParser\\AlphanumericPhoneNumberTest
		SccProjectUniqueName9 = Strings\\StringReverse\\StringReverseTest\\StringReverseTest.csproj
		SccProjectTopLevelParentUniqueName9 = CodingInterview.sln
		SccProjectName9 = Strings/StringReverse/StringReverseTest
		SccLocalPath9 = Strings\\StringReverse\\StringReverseTest
		SccProjectUniqueName10 = Strings\\StringPermutation\\StringPermutation\\StringPermutation.csproj
		SccProjectTopLevelParentUniqueName10 = CodingInterview.sln
		SccProjectName10 = Strings/StringPermutation/StringPermutation
		SccLocalPath10 = Strings\\StringPermutation\\StringPermutation
		SccProjectUniqueName11 = Strings\\StringPermutation\\StringPermutationTest\\StringPermutationTest.csproj
		SccProjectTopLevelParentUniqueName11 = CodingInterview.sln
		SccProjectName11 = Strings/StringPermutation/StringPermutationTest
		SccLocalPath11 = Strings\\StringPermutation\\StringPermutationTest
		SccProjectUniqueName12 = Strings\\StringCombination\\StringCombination\\StringCombination.csproj
		SccProjectTopLevelParentUniqueName12 = CodingInterview.sln
		SccProjectName12 = Strings/StringCombination/StringCombination
		SccLocalPath12 = Strings\\StringCombination\\StringCombination
		SccProjectUniqueName13 = Strings\\StringCombination\\StringCombinationTest\\StringCombinationTest.csproj
		SccProjectTopLevelParentUniqueName13 = CodingInterview.sln
		SccProjectName13 = Strings/StringCombination/StringCombinationTest
		SccLocalPath13 = Strings\\StringCombination\\StringCombinationTest
	EndGlobalSection
	GlobalSection(SolutionConfigurationPlatforms) = preSolution
		Debug|Any CPU = Debug|Any CPU
		Release|Any CPU = Release|Any CPU
	EndGlobalSection
	GlobalSection(ProjectConfigurationPlatforms) = postSolution
		{FE94F32B-E9B9-4A31-85EE-BCA5366D963F}.Debug|Any CPU.ActiveCfg = Debug|Any CPU
		{FE94F32B-E9B9-4A31-85EE-BCA5366D963F}.Debug|Any CPU.Build.0 = Debug|Any CPU
		{FE94F32B-E9B9-4A31-85EE-BCA5366D963F}.Release|Any CPU.ActiveCfg = Release|Any CPU
		{FE94F32B-E9B9-4A31-85EE-BCA5366D963F}.Release|Any CPU.Build.0 = Release|Any CPU
		{6294096E-EC5C-46B6-8BA6-6BCC2D181A6C}.Debug|Any CPU.ActiveCfg = Debug|Any CPU
		{6294096E-EC5C-46B6-8BA6-6BCC2D181A6C}.Debug|Any CPU.Build.0 = Debug|Any CPU
		{6294096E-EC5C-46B6-8BA6-6BCC2D181A6C}.Release|Any CPU.ActiveCfg = Release|Any CPU
		{6294096E-EC5C-46B6-8BA6-6BCC2D181A6C}.Release|Any CPU.Build.0 = Release|Any CPU
		{9B3E64A7-EF17-4066-B283-8AA8463C740D}.Debug|Any CPU.ActiveCfg = Debug|Any CPU
		{9B3E64A7-EF17-4066-B283-8AA8463C740D}.Debug|Any CPU.Build.0 = Debug|Any CPU
		{9B3E64A7-EF17-4066-B283-8AA8463C740D}.Release|Any CPU.ActiveCfg = Release|Any CPU
		{9B3E64A7-EF17-4066-B283-8AA8463C740D}.Release|Any CPU.Build.0 = Release|Any CPU
		{00BE2B7C-37F9-4310-85DE-AF35F1057754}.Debug|Any CPU.ActiveCfg = Debug|Any CPU
		{00BE2B7C-37F9-4310-85DE-AF35F1057754}.Debug|Any CPU.Build.0 = Debug|Any CPU
		{00BE2B7C-37F9-4310-85DE-AF35F1057754}.Release|Any CPU.ActiveCfg = Release|Any CPU
		{00BE2B7C-37F9-4310-85DE-AF35F1057754}.Release|Any CPU.Build.0 = Release|Any CPU
		{1066E43D-EDCE-47A3-9D2D-0F55AFDCA88B}.Debug|Any CPU.ActiveCfg = Debug|Any CPU
		{1066E43D-EDCE-47A3-9D2D-0F55AFDCA88B}.Debug|Any CPU.Build.0 = Debug|Any CPU
		{1066E43D-EDCE-47A3-9D2D-0F55AFDCA88B}.Release|Any CPU.ActiveCfg = Release|Any CPU
		{1066E43D-EDCE-47A3-9D2D-0F55AFDCA88B}.Release|Any CPU.Build.0 = Release|Any CPU
		{051C9BBA-A0B0-456C-BBD4-444207B8D82F}.Debug|Any CPU.ActiveCfg = Debug|Any CPU
		{051C9BBA-A0B0-456C-BBD4-444207B8D82F}.Debug|Any CPU.Build.0 = Debug|Any CPU
		{051C9BBA-A0B0-456C-BBD4-444207B8D82F}.Release|Any CPU.ActiveCfg = Release|Any CPU
		{051C9BBA-A0B0-456C-BBD4-444207B8D82F}.Release|Any CPU.Build.0 = Release|Any CPU
		{80DD867B-EDBE-422C-9800-3E89581677BE}.Debug|Any CPU.ActiveCfg = Debug|Any CPU
		{80DD867B-EDBE-422C-9800-3E89581677BE}.Debug|Any CPU.Build.0 = Debug|Any CPU
		{80DD867B-EDBE-422C-9800-3E89581677BE}.Release|Any CPU.ActiveCfg = Release|Any CPU
		{80DD867B-EDBE-422C-9800-3E89581677BE}.Release|Any CPU.Build.0 = Release|Any CPU
		{C1F2691B-C104-4038-A02B-BD11BE3219DF}.Debug|Any CPU.ActiveCfg = Debug|Any CPU
		{C1F2691B-C104-4038-A02B-BD11BE3219DF}.Debug|Any CPU.Build.0 = Debug|Any CPU
		{C1F2691B-C104-4038-A02B-BD11BE3219DF}.Release|Any CPU.ActiveCfg = Release|Any CPU
		{C1F2691B-C104-4038-A02B-BD11BE3219DF}.Release|Any CPU.Build.0 = Release|Any CPU
		{29A547D5-4B30-40F0-A328-C2111752F810}.Debug|Any CPU.ActiveCfg = Debug|Any CPU
		{29A547D5-4B30-40F0-A328-C2111752F810}.Debug|Any CPU.Build.0 = Debug|Any CPU
		{29A547D5-4B30-40F0-A328-C2111752F810}.Release|Any CPU.ActiveCfg = Release|Any CPU
		{29A547D5-4B30-40F0-A328-C2111752F810}.Release|Any CPU.Build.0 = Release|Any CPU
		{F9406D2C-A5B0-480D-9375-212F94964B93}.Debug|Any CPU.ActiveCfg = Debug|Any CPU
		{F9406D2C-A5B0-480D-9375-212F94964B93}.Debug|Any CPU.Build.0 = Debug|Any CPU
		{F9406D2C-A5B0-480D-9375-212F94964B93}.Release|Any CPU.ActiveCfg = Release|Any CPU
		{F9406D2C-A5B0-480D-9375-212F94964B93}.Release|Any CPU.Build.0 = Release|Any CPU
		{CC47582D-3337-409F-BAFE-9EA60308C9AE}.Debug|Any CPU.ActiveCfg = Debug|Any CPU
		{CC47582D-3337-409F-BAFE-9EA60308C9AE}.Debug|Any CPU.Build.0 = Debug|Any CPU
		{CC47582D-3337-409F-BAFE-9EA60308C9AE}.Release|Any CPU.ActiveCfg = Release|Any CPU
		{CC47582D-3337-409F-BAFE-9EA60308C9AE}.Release|Any CPU.Build.0 = Release|Any CPU
		{F8FB71D0-6E61-4A11-B7B2-550B99233E3D}.Debug|Any CPU.ActiveCfg = Debug|Any CPU
		{F8FB71D0-6E61-4A11-B7B2-550B99233E3D}.Debug|Any CPU.Build.0 = Debug|Any CPU
		{F8FB71D0-6E61-4A11-B7B2-550B99233E3D}.Release|Any CPU.ActiveCfg = Release|Any CPU
		{F8FB71D0-6E61-4A11-B7B2-550B99233E3D}.Release|Any CPU.Build.0 = Release|Any CPU
		{F98AB756-AA37-4304-B058-6626FBCF79F0}.Debug|Any CPU.ActiveCfg = Debug|Any CPU
		{F98AB756-AA37-4304-B058-6626FBCF79F0}.Debug|Any CPU.Build.0 = Debug|Any CPU
		{F98AB756-AA37-4304-B058-6626FBCF79F0}.Release|Any CPU.ActiveCfg = Release|Any CPU
		{F98AB756-AA37-4304-B058-6626FBCF79F0}.Release|Any CPU.Build.0 = Release|Any CPU
	EndGlobalSection
	GlobalSection(SolutionProperties) = preSolution
		HideSolutionNode = FALSE
	EndGlobalSection
	GlobalSection(NestedProjects) = preSolution
		{BE56D31A-1457-454C-B084-B8F645E8D7F6} = {3E48A53E-C8B5-4DE3-A51F-4F84F2A83413}
		{FE94F32B-E9B9-4A31-85EE-BCA5366D963F} = {BE56D31A-1457-454C-B084-B8F645E8D7F6}
		{6294096E-EC5C-46B6-8BA6-6BCC2D181A6C} = {C915F492-E693-4BB3-B97B-C699FD581991}
		{1BC65096-362C-4FBE-8787-C5B10ACA15D4} = {3E48A53E-C8B5-4DE3-A51F-4F84F2A83413}
		{9B3E64A7-EF17-4066-B283-8AA8463C740D} = {BE56D31A-1457-454C-B084-B8F645E8D7F6}
		{00BE2B7C-37F9-4310-85DE-AF35F1057754} = {C915F492-E693-4BB3-B97B-C699FD581991}
		{1066E43D-EDCE-47A3-9D2D-0F55AFDCA88B} = {BE56D31A-1457-454C-B084-B8F645E8D7F6}
		{051C9BBA-A0B0-456C-BBD4-444207B8D82F} = {C915F492-E693-4BB3-B97B-C699FD581991}
		{80DD867B-EDBE-422C-9800-3E89581677BE} = {C915F492-E693-4BB3-B97B-C699FD581991}
		{C1F2691B-C104-4038-A02B-BD11BE3219DF} = {1BC65096-362C-4FBE-8787-C5B10ACA15D4}
		{29A547D5-4B30-40F0-A328-C2111752F810} = {C915F492-E693-4BB3-B97B-C699FD581991}
		{F9406D2C-A5B0-480D-9375-212F94964B93} = {1BC65096-362C-4FBE-8787-C5B10ACA15D4}
		{CC47582D-3337-409F-BAFE-9EA60308C9AE} = {C915F492-E693-4BB3-B97B-C699FD581991}
		{F8FB71D0-6E61-4A11-B7B2-550B99233E3D} = {1BC65096-362C-4FBE-8787-C5B10ACA15D4}
		{F98AB756-AA37-4304-B058-6626FBCF79F0} = {C915F492-E693-4BB3-B97B-C699FD581991}
	EndGlobalSection
EndGlobal
