
Microsoft Visual Studio Solution File, Format Version 12.00
# Visual Studio 2013
VisualStudioVersion = 12.0.31101.0
MinimumVisualStudioVersion = 10.0.40219.1
Project("{2150E333-8FDC-42A3-9474-1A3956D46DE8}") = "src", "src", "{3E48A53E-C8B5-4DE3-A51F-4F84F2A83413}"
EndProject
Project("{2150E333-8FDC-42A3-9474-1A3956D46DE8}") = "test", "test", "{C915F492-E693-4BB3-B97B-C699FD581991}"
EndProject
Project("{2150E333-8FDC-42A3-9474-1A3956D46DE8}") = "DataStructures", "DataStructures", "{BE56D31A-1457-454C-B084-B8F645E8D7F6}"
EndProject
Project("{FAE04EC0-301F-11D3-BF4B-00C04F79EFBC}") = "LinkedList", "DataStructures\LinkedLists\LinkedList\LinkedList.csproj", "{FE94F32B-E9B9-4A31-85EE-BCA5366D963F}"
EndProject
Project("{FAE04EC0-301F-11D3-BF4B-00C04F79EFBC}") = "LinkedListTest", "DataStructures\LinkedLists\LinkedListTest\LinkedListTest.csproj", "{6294096E-EC5C-46B6-8BA6-6BCC2D181A6C}"
EndProject
Project("{2150E333-8FDC-42A3-9474-1A3956D46DE8}") = "Strings", "Strings", "{1BC65096-362C-4FBE-8787-C5B10ACA15D4}"
EndProject
Project("{FAE04EC0-301F-11D3-BF4B-00C04F79EFBC}") = "BinarySearchTree", "BST\BinarySearchTree.csproj", "{9B3E64A7-EF17-4066-B283-8AA8463C740D}"
EndProject
Project("{FAE04EC0-301F-11D3-BF4B-00C04F79EFBC}") = "BinarySearchTreeTest", "DataStructures\BinaraySearchTrees\BinarySearchTreeTest\BinarySearchTreeTest.csproj", "{00BE2B7C-37F9-4310-85DE-AF35F1057754}"
EndProject
Project("{FAE04EC0-301F-11D3-BF4B-00C04F79EFBC}") = "Queue", "DataStructures\Queues\Queue\Queue.csproj", "{1066E43D-EDCE-47A3-9D2D-0F55AFDCA88B}"
EndProject
Project("{FAE04EC0-301F-11D3-BF4B-00C04F79EFBC}") = "QueueTest", "DataStructures\Queues\QueueTest\QueueTest.csproj", "{051C9BBA-A0B0-456C-BBD4-444207B8D82F}"
EndProject
Project("{FAE04EC0-301F-11D3-BF4B-00C04F79EFBC}") = "StringReverseTest", "Strings\StringReverse\StringReverseTest\StringReverseTest.csproj", "{80DD867B-EDBE-422C-9800-3E89581677BE}"
EndProject
Project("{FAE04EC0-301F-11D3-BF4B-00C04F79EFBC}") = "PhoneNumberParser", "Strings\PhoneNumberParser\AlphanumericPhoneNumber\PhoneNumberParser.csproj", "{C1F2691B-C104-4038-A02B-BD11BE3219DF}"
EndProject
Project("{FAE04EC0-301F-11D3-BF4B-00C04F79EFBC}") = "PhoneNumberParserTest", "Strings\PhoneNumberParser\AlphanumericPhoneNumberTest\PhoneNumberParserTest.csproj", "{29A547D5-4B30-40F0-A328-C2111752F810}"
EndProject
Project("{FAE04EC0-301F-11D3-BF4B-00C04F79EFBC}") = "StringPermutation", "Strings\StringPermutation\StringPermutation\StringPermutation.csproj", "{F9406D2C-A5B0-480D-9375-212F94964B93}"
EndProject
Project("{FAE04EC0-301F-11D3-BF4B-00C04F79EFBC}") = "StringPermutationTest", "Strings\StringPermutation\StringPermutationTest\StringPermutationTest.csproj", "{CC47582D-3337-409F-BAFE-9EA60308C9AE}"
EndProject
Project("{FAE04EC0-301F-11D3-BF4B-00C04F79EFBC}") = "StringCombination", "Strings\StringCombination\StringCombination\StringCombination.csproj", "{F8FB71D0-6E61-4A11-B7B2-550B99233E3D}"
EndProject
Project("{FAE04EC0-301F-11D3-BF4B-00C04F79EFBC}") = "StringCombinationTest", "Strings\StringCombination\StringCombinationTest\StringCombinationTest.csproj", "{F98AB756-AA37-4304-B058-6626FBCF79F0}"
EndProject
Project("{2150E333-8FDC-42A3-9474-1A3956D46DE8}") = "Arrays", "Arrays", "{25077DF6-E1DF-4000-B603-2CC6B990A4D8}"
EndProject
Project("{FAE04EC0-301F-11D3-BF4B-00C04F79EFBC}") = "DutchNationalFlagProblem", "Arrays\DutchNationalFlagProblem\DutchNationalFlagProblem\DutchNationalFlagProblem.csproj", "{F598AC52-3AB2-40F0-AC43-3321D2801789}"
EndProject
Project("{2150E333-8FDC-42A3-9474-1A3956D46DE8}") = "Arrays", "Arrays", "{01C8DDF2-9C69-4E45-96B5-CADE4D0AD758}"
EndProject
Project("{FAE04EC0-301F-11D3-BF4B-00C04F79EFBC}") = "DutchNationalFlagProblemTest", "Arrays\DutchNationalFlagProblem\DutchNationalFlagProblemTest\DutchNationalFlagProblemTest.csproj", "{8C248B27-0929-4602-94E5-2345E1347FA6}"
EndProject
Project("{FAE04EC0-301F-11D3-BF4B-00C04F79EFBC}") = "BubbleSort", "Algorithms\BubbleSort\BubbleSort\BubbleSort.csproj", "{05888141-FDB7-4761-8491-61DED40BB40F}"
EndProject
Project("{2150E333-8FDC-42A3-9474-1A3956D46DE8}") = "Algorithms", "Algorithms", "{F492185D-A056-41AA-8849-0465BFBC1993}"
EndProject
Project("{FAE04EC0-301F-11D3-BF4B-00C04F79EFBC}") = "BubbleSortTest", "Algorithms\BubbleSort\BubbleSortTest\BubbleSortTest.csproj", "{77D3FF05-E516-486C-8B7D-EDC61AB3740B}"
EndProject
Project("{2150E333-8FDC-42A3-9474-1A3956D46DE8}") = "Algorithms", "Algorithms", "{290FF673-3B2E-4E97-AB9D-43D58D55DBB4}"
EndProject
Project("{FAE04EC0-301F-11D3-BF4B-00C04F79EFBC}") = "MergeSortTest", "Algorithms\MergeSort\MergeSortTest\MergeSortTest.csproj", "{4671DFD2-AC16-4651-95B1-D7196959F267}"
EndProject
Project("{FAE04EC0-301F-11D3-BF4B-00C04F79EFBC}") = "MergeSort", "Algorithms\MergeSort\MergeSort\MergeSort.csproj", "{C7F6A001-E413-4FBD-A4AF-AF08442CF90C}"
EndProject
Project("{FAE04EC0-301F-11D3-BF4B-00C04F79EFBC}") = "QuickSort", "Algorithms\QuickSort\QuickSort\QuickSort.csproj", "{7AC580D1-39A9-4A82-8680-A35D931867BD}"
EndProject
Project("{FAE04EC0-301F-11D3-BF4B-00C04F79EFBC}") = "QuickSortTest", "Algorithms\QuickSort\QuickSortTest\QuickSortTest.csproj", "{CC846162-81B1-4A59-8F4E-1B1A58A3E203}"
EndProject
Project("{FAE04EC0-301F-11D3-BF4B-00C04F79EFBC}") = "MissingElement", "Strings\MissingElement\MissingElement\MissingElement.csproj", "{8175F7AD-4333-42EC-993C-836FB5C3DF85}"
EndProject
Project("{2150E333-8FDC-42A3-9474-1A3956D46DE8}") = "Strings", "Strings", "{7011C068-0308-40F7-8145-02CED94A31D7}"
EndProject
Project("{FAE04EC0-301F-11D3-BF4B-00C04F79EFBC}") = "MissingElementTest", "Strings\MissingElement\MissingElementTest\MissingElementTest.csproj", "{82A2D763-FA61-4E5A-B3EB-F5239976EF8E}"
EndProject
Project("{FAE04EC0-301F-11D3-BF4B-00C04F79EFBC}") = "SubArrayGivenSum", "Arrays\SubArrayGivenSum\SubArrayGivenSum\SubArrayGivenSum.csproj", "{65F3BBA4-DF6F-4AB8-B329-43D73CB56213}"
EndProject
Project("{FAE04EC0-301F-11D3-BF4B-00C04F79EFBC}") = "SubArrayGivenSumTest", "Arrays\SubArrayGivenSum\SubArrayGivenSumTest\SubArrayGivenSumTest.csproj", "{DBB94268-773E-4E23-A29A-47F1FE2FA6B7}"
EndProject
Project("{FAE04EC0-301F-11D3-BF4B-00C04F79EFBC}") = "LargestSumSubArray", "Arrays\LargestSumSubArray\LargestSumSubArray\LargestSumSubArray.csproj", "{B2203823-9DC7-4774-9B5D-D4505FC03D61}"
EndProject
Project("{FAE04EC0-301F-11D3-BF4B-00C04F79EFBC}") = "LargestSumSubArrayTest", "Arrays\LargestSumSubArray\LargestSumSubArrayTest\LargestSumSubArrayTest.csproj", "{2FF6D997-C857-424B-915B-736E5A5EE86C}"
EndProject
Project("{FAE04EC0-301F-11D3-BF4B-00C04F79EFBC}") = "SubsetSum", "Arrays\SubsetSum\SubsetSum\SubsetSum.csproj", "{33EDB5D8-4F3E-4137-8E2B-F61D0B95110C}"
EndProject
Project("{FAE04EC0-301F-11D3-BF4B-00C04F79EFBC}") = "SubsetSumTest", "Arrays\SubsetSum\SubsetSumTest\SubsetSumTest.csproj", "{D7E1DEF2-8EEE-4579-B3D2-A7FC6BB9C831}"
EndProject
Project("{FAE04EC0-301F-11D3-BF4B-00C04F79EFBC}") = "BuildLowestNumber", "Strings\BuildLowestNumber\BuildLowestNumber\BuildLowestNumber.csproj", "{2FE42933-2617-42F4-A09A-EC3D77772886}"
EndProject
Project("{FAE04EC0-301F-11D3-BF4B-00C04F79EFBC}") = "BuildLowestNumberTest", "Strings\BuildLowestNumber\BuildLowestNumberTest\BuildLowestNumberTest.csproj", "{B46863B4-A047-4955-BDEC-A656456A2FA7}"
EndProject
Global
	GlobalSection(TeamFoundationVersionControl) = preSolution
		SccNumberOfProjects = 32
		SccEnterpriseProvider = {4CA58AB2-18FA-4F8D-95D4-32DDF27D184C}
		SccTeamFoundationServer = https://tfs.codeplex.com/tfs/tfs15
		SccLocalPath0 = .
		SccProjectUniqueName1 = DataStructures\\LinkedLists\\LinkedList\\LinkedList.csproj
		SccProjectTopLevelParentUniqueName1 = CodingInterview.sln
		SccProjectName1 = DataStructures/LinkedLists/LinkedList
		SccLocalPath1 = DataStructures\\LinkedLists\\LinkedList
		SccProjectUniqueName2 = DataStructures\\LinkedLists\\LinkedListTest\\LinkedListTest.csproj
		SccProjectTopLevelParentUniqueName2 = CodingInterview.sln
		SccProjectName2 = DataStructures/LinkedLists/LinkedListTest
		SccLocalPath2 = DataStructures\\LinkedLists\\LinkedListTest
		SccProjectUniqueName3 = BST\\BinarySearchTree.csproj
		SccProjectTopLevelParentUniqueName3 = CodingInterview.sln
		SccProjectName3 = BST
		SccLocalPath3 = BST
		SccProjectUniqueName4 = DataStructures\\BinaraySearchTrees\\BinarySearchTreeTest\\BinarySearchTreeTest.csproj
		SccProjectTopLevelParentUniqueName4 = CodingInterview.sln
		SccProjectName4 = DataStructures/BinaraySearchTrees/BinarySearchTreeTest
		SccLocalPath4 = DataStructures\\BinaraySearchTrees\\BinarySearchTreeTest
		SccProjectUniqueName5 = DataStructures\\Queues\\Queue\\Queue.csproj
		SccProjectTopLevelParentUniqueName5 = CodingInterview.sln
		SccProjectName5 = DataStructures/Queues/Queue
		SccLocalPath5 = DataStructures\\Queues\\Queue
		SccProjectUniqueName6 = DataStructures\\Queues\\QueueTest\\QueueTest.csproj
		SccProjectTopLevelParentUniqueName6 = CodingInterview.sln
		SccProjectName6 = DataStructures/Queues/QueueTest
		SccLocalPath6 = DataStructures\\Queues\\QueueTest
		SccProjectUniqueName7 = Strings\\PhoneNumberParser\\AlphanumericPhoneNumber\\PhoneNumberParser.csproj
		SccProjectTopLevelParentUniqueName7 = CodingInterview.sln
		SccProjectName7 = Strings/PhoneNumberParser/AlphanumericPhoneNumber
		SccLocalPath7 = Strings\\PhoneNumberParser\\AlphanumericPhoneNumber
		SccProjectUniqueName8 = Strings\\PhoneNumberParser\\AlphanumericPhoneNumberTest\\PhoneNumberParserTest.csproj
		SccProjectTopLevelParentUniqueName8 = CodingInterview.sln
		SccProjectName8 = Strings/PhoneNumberParser/AlphanumericPhoneNumberTest
		SccLocalPath8 = Strings\\PhoneNumberParser\\AlphanumericPhoneNumberTest
		SccProjectUniqueName9 = Strings\\StringReverse\\StringReverseTest\\StringReverseTest.csproj
		SccProjectTopLevelParentUniqueName9 = CodingInterview.sln
		SccProjectName9 = Strings/StringReverse/StringReverseTest
		SccLocalPath9 = Strings\\StringReverse\\StringReverseTest
		SccProjectUniqueName10 = Arrays\\DutchNationalFlagProblem\\DutchNationalFlagProblem\\DutchNationalFlagProblem.csproj
		SccProjectTopLevelParentUniqueName10 = CodingInterview.sln
		SccProjectName10 = Arrays/DutchNationalFlagProblem/DutchNationalFlagProblem
		SccLocalPath10 = Arrays\\DutchNationalFlagProblem\\DutchNationalFlagProblem
		SccProjectUniqueName11 = Arrays\\DutchNationalFlagProblem\\DutchNationalFlagProblemTest\\DutchNationalFlagProblemTest.csproj
		SccProjectTopLevelParentUniqueName11 = CodingInterview.sln
		SccProjectName11 = Arrays/DutchNationalFlagProblem/DutchNationalFlagProblemTest
		SccLocalPath11 = Arrays\\DutchNationalFlagProblem\\DutchNationalFlagProblemTest
		SccProjectUniqueName12 = Algorithms\\BubbleSort\\BubbleSort\\BubbleSort.csproj
		SccProjectTopLevelParentUniqueName12 = CodingInterview.sln
		SccProjectName12 = Algorithms/BubbleSort/BubbleSort
		SccLocalPath12 = Algorithms\\BubbleSort\\BubbleSort
		SccProjectUniqueName13 = Algorithms\\BubbleSort\\BubbleSortTest\\BubbleSortTest.csproj
		SccProjectTopLevelParentUniqueName13 = CodingInterview.sln
		SccProjectName13 = Algorithms/BubbleSort/BubbleSortTest
		SccLocalPath13 = Algorithms\\BubbleSort\\BubbleSortTest
		SccProjectUniqueName14 = Algorithms\\MergeSort\\MergeSortTest\\MergeSortTest.csproj
		SccProjectTopLevelParentUniqueName14 = CodingInterview.sln
		SccProjectName14 = Algorithms/MergeSort/MergeSortTest
		SccLocalPath14 = Algorithms\\MergeSort\\MergeSortTest
		SccProjectUniqueName15 = Algorithms\\MergeSort\\MergeSort\\MergeSort.csproj
		SccProjectTopLevelParentUniqueName15 = CodingInterview.sln
		SccProjectName15 = Algorithms/MergeSort/MergeSort
		SccLocalPath15 = Algorithms\\MergeSort\\MergeSort
		SccProjectUniqueName16 = Algorithms\\QuickSort\\QuickSort\\QuickSort.csproj
		SccProjectTopLevelParentUniqueName16 = CodingInterview.sln
		SccProjectName16 = Algorithms/QuickSort/QuickSort
		SccLocalPath16 = Algorithms\\QuickSort\\QuickSort
		SccProjectUniqueName17 = Algorithms\\QuickSort\\QuickSortTest\\QuickSortTest.csproj
		SccProjectTopLevelParentUniqueName17 = CodingInterview.sln
		SccProjectName17 = Algorithms/QuickSort/QuickSortTest
		SccLocalPath17 = Algorithms\\QuickSort\\QuickSortTest
		SccProjectUniqueName18 = Strings\\StringPermutation\\StringPermutation\\StringPermutation.csproj
		SccProjectTopLevelParentUniqueName18 = CodingInterview.sln
		SccProjectName18 = Strings/StringPermutation/StringPermutation
		SccLocalPath18 = Strings\\StringPermutation\\StringPermutation
		SccProjectUniqueName19 = Strings\\StringPermutation\\StringPermutationTest\\StringPermutationTest.csproj
		SccProjectTopLevelParentUniqueName19 = CodingInterview.sln
		SccProjectName19 = Strings/StringPermutation/StringPermutationTest
		SccLocalPath19 = Strings\\StringPermutation\\StringPermutationTest
		SccProjectUniqueName20 = Strings\\StringCombination\\StringCombination\\StringCombination.csproj
		SccProjectTopLevelParentUniqueName20 = CodingInterview.sln
		SccProjectName20 = Strings/StringCombination/StringCombination
		SccLocalPath20 = Strings\\StringCombination\\StringCombination
		SccProjectUniqueName21 = Strings\\StringCombination\\StringCombinationTest\\StringCombinationTest.csproj
		SccProjectTopLevelParentUniqueName21 = CodingInterview.sln
		SccProjectName21 = Strings/StringCombination/StringCombinationTest
		SccLocalPath21 = Strings\\StringCombination\\StringCombinationTest
		SccProjectUniqueName22 = Strings\\MissingElement\\MissingElement\\MissingElement.csproj
		SccProjectTopLevelParentUniqueName22 = CodingInterview.sln
		SccProjectName22 = Strings/MissingElement/MissingElement
		SccLocalPath22 = Strings\\MissingElement\\MissingElement
		SccProjectUniqueName23 = Strings\\MissingElement\\MissingElementTest\\MissingElementTest.csproj
		SccProjectTopLevelParentUniqueName23 = CodingInterview.sln
		SccProjectName23 = Strings/MissingElement/MissingElementTest
		SccLocalPath23 = Strings\\MissingElement\\MissingElementTest
		SccProjectUniqueName24 = Arrays\\SubArrayGivenSum\\SubArrayGivenSum\\SubArrayGivenSum.csproj
		SccProjectTopLevelParentUniqueName24 = CodingInterview.sln
		SccProjectName24 = Arrays/SubArrayGivenSum/SubArrayGivenSum
		SccLocalPath24 = Arrays\\SubArrayGivenSum\\SubArrayGivenSum
		SccProjectUniqueName25 = Arrays\\SubArrayGivenSum\\SubArrayGivenSumTest\\SubArrayGivenSumTest.csproj
		SccProjectTopLevelParentUniqueName25 = CodingInterview.sln
		SccProjectName25 = Arrays/SubArrayGivenSum/SubArrayGivenSumTest
		SccLocalPath25 = Arrays\\SubArrayGivenSum\\SubArrayGivenSumTest
		SccProjectUniqueName26 = Arrays\\LargestSumSubArray\\LargestSumSubArray\\LargestSumSubArray.csproj
		SccProjectTopLevelParentUniqueName26 = CodingInterview.sln
		SccProjectName26 = Arrays/LargestSumSubArray/LargestSumSubArray
		SccLocalPath26 = Arrays\\LargestSumSubArray\\LargestSumSubArray
		SccProjectUniqueName27 = Arrays\\LargestSumSubArray\\LargestSumSubArrayTest\\LargestSumSubArrayTest.csproj
		SccProjectTopLevelParentUniqueName27 = CodingInterview.sln
		SccProjectName27 = Arrays/LargestSumSubArray/LargestSumSubArrayTest
		SccLocalPath27 = Arrays\\LargestSumSubArray\\LargestSumSubArrayTest
		SccProjectUniqueName28 = Arrays\\SubsetSum\\SubsetSum\\SubsetSum.csproj
		SccProjectTopLevelParentUniqueName28 = CodingInterview.sln
		SccProjectName28 = Arrays/SubsetSum/SubsetSum
		SccLocalPath28 = Arrays\\SubsetSum\\SubsetSum
		SccProjectUniqueName29 = Arrays\\SubsetSum\\SubsetSumTest\\SubsetSumTest.csproj
		SccProjectTopLevelParentUniqueName29 = CodingInterview.sln
		SccProjectName29 = Arrays/SubsetSum/SubsetSumTest
		SccLocalPath29 = Arrays\\SubsetSum\\SubsetSumTest
		SccProjectUniqueName30 = Strings\\BuildLowestNumber\\BuildLowestNumber\\BuildLowestNumber.csproj
		SccProjectTopLevelParentUniqueName30 = CodingInterview.sln
		SccProjectName30 = Strings/BuildLowestNumber/BuildLowestNumber
		SccLocalPath30 = Strings\\BuildLowestNumber\\BuildLowestNumber
		SccProjectUniqueName31 = Strings\\BuildLowestNumber\\BuildLowestNumberTest\\BuildLowestNumberTest.csproj
		SccProjectTopLevelParentUniqueName31 = CodingInterview.sln
		SccProjectName31 = Strings/BuildLowestNumber/BuildLowestNumberTest
		SccLocalPath31 = Strings\\BuildLowestNumber\\BuildLowestNumberTest
	EndGlobalSection
	GlobalSection(SolutionConfigurationPlatforms) = preSolution
		Debug|Any CPU = Debug|Any CPU
		Release|Any CPU = Release|Any CPU
	EndGlobalSection
	GlobalSection(ProjectConfigurationPlatforms) = postSolution
		{FE94F32B-E9B9-4A31-85EE-BCA5366D963F}.Debug|Any CPU.ActiveCfg = Debug|Any CPU
		{FE94F32B-E9B9-4A31-85EE-BCA5366D963F}.Debug|Any CPU.Build.0 = Debug|Any CPU
		{FE94F32B-E9B9-4A31-85EE-BCA5366D963F}.Release|Any CPU.ActiveCfg = Release|Any CPU
		{FE94F32B-E9B9-4A31-85EE-BCA5366D963F}.Release|Any CPU.Build.0 = Release|Any CPU
		{6294096E-EC5C-46B6-8BA6-6BCC2D181A6C}.Debug|Any CPU.ActiveCfg = Debug|Any CPU
		{6294096E-EC5C-46B6-8BA6-6BCC2D181A6C}.Debug|Any CPU.Build.0 = Debug|Any CPU
		{6294096E-EC5C-46B6-8BA6-6BCC2D181A6C}.Release|Any CPU.ActiveCfg = Release|Any CPU
		{6294096E-EC5C-46B6-8BA6-6BCC2D181A6C}.Release|Any CPU.Build.0 = Release|Any CPU
		{9B3E64A7-EF17-4066-B283-8AA8463C740D}.Debug|Any CPU.ActiveCfg = Debug|Any CPU
		{9B3E64A7-EF17-4066-B283-8AA8463C740D}.Debug|Any CPU.Build.0 = Debug|Any CPU
		{9B3E64A7-EF17-4066-B283-8AA8463C740D}.Release|Any CPU.ActiveCfg = Release|Any CPU
		{9B3E64A7-EF17-4066-B283-8AA8463C740D}.Release|Any CPU.Build.0 = Release|Any CPU
		{00BE2B7C-37F9-4310-85DE-AF35F1057754}.Debug|Any CPU.ActiveCfg = Debug|Any CPU
		{00BE2B7C-37F9-4310-85DE-AF35F1057754}.Debug|Any CPU.Build.0 = Debug|Any CPU
		{00BE2B7C-37F9-4310-85DE-AF35F1057754}.Release|Any CPU.ActiveCfg = Release|Any CPU
		{00BE2B7C-37F9-4310-85DE-AF35F1057754}.Release|Any CPU.Build.0 = Release|Any CPU
		{1066E43D-EDCE-47A3-9D2D-0F55AFDCA88B}.Debug|Any CPU.ActiveCfg = Debug|Any CPU
		{1066E43D-EDCE-47A3-9D2D-0F55AFDCA88B}.Debug|Any CPU.Build.0 = Debug|Any CPU
		{1066E43D-EDCE-47A3-9D2D-0F55AFDCA88B}.Release|Any CPU.ActiveCfg = Release|Any CPU
		{1066E43D-EDCE-47A3-9D2D-0F55AFDCA88B}.Release|Any CPU.Build.0 = Release|Any CPU
		{051C9BBA-A0B0-456C-BBD4-444207B8D82F}.Debug|Any CPU.ActiveCfg = Debug|Any CPU
		{051C9BBA-A0B0-456C-BBD4-444207B8D82F}.Debug|Any CPU.Build.0 = Debug|Any CPU
		{051C9BBA-A0B0-456C-BBD4-444207B8D82F}.Release|Any CPU.ActiveCfg = Release|Any CPU
		{051C9BBA-A0B0-456C-BBD4-444207B8D82F}.Release|Any CPU.Build.0 = Release|Any CPU
		{80DD867B-EDBE-422C-9800-3E89581677BE}.Debug|Any CPU.ActiveCfg = Debug|Any CPU
		{80DD867B-EDBE-422C-9800-3E89581677BE}.Debug|Any CPU.Build.0 = Debug|Any CPU
		{80DD867B-EDBE-422C-9800-3E89581677BE}.Release|Any CPU.ActiveCfg = Release|Any CPU
		{80DD867B-EDBE-422C-9800-3E89581677BE}.Release|Any CPU.Build.0 = Release|Any CPU
		{C1F2691B-C104-4038-A02B-BD11BE3219DF}.Debug|Any CPU.ActiveCfg = Debug|Any CPU
		{C1F2691B-C104-4038-A02B-BD11BE3219DF}.Debug|Any CPU.Build.0 = Debug|Any CPU
		{C1F2691B-C104-4038-A02B-BD11BE3219DF}.Release|Any CPU.ActiveCfg = Release|Any CPU
		{C1F2691B-C104-4038-A02B-BD11BE3219DF}.Release|Any CPU.Build.0 = Release|Any CPU
		{29A547D5-4B30-40F0-A328-C2111752F810}.Debug|Any CPU.ActiveCfg = Debug|Any CPU
		{29A547D5-4B30-40F0-A328-C2111752F810}.Debug|Any CPU.Build.0 = Debug|Any CPU
		{29A547D5-4B30-40F0-A328-C2111752F810}.Release|Any CPU.ActiveCfg = Release|Any CPU
		{29A547D5-4B30-40F0-A328-C2111752F810}.Release|Any CPU.Build.0 = Release|Any CPU
		{F9406D2C-A5B0-480D-9375-212F94964B93}.Debug|Any CPU.ActiveCfg = Debug|Any CPU
		{F9406D2C-A5B0-480D-9375-212F94964B93}.Debug|Any CPU.Build.0 = Debug|Any CPU
		{F9406D2C-A5B0-480D-9375-212F94964B93}.Release|Any CPU.ActiveCfg = Release|Any CPU
		{F9406D2C-A5B0-480D-9375-212F94964B93}.Release|Any CPU.Build.0 = Release|Any CPU
		{CC47582D-3337-409F-BAFE-9EA60308C9AE}.Debug|Any CPU.ActiveCfg = Debug|Any CPU
		{CC47582D-3337-409F-BAFE-9EA60308C9AE}.Debug|Any CPU.Build.0 = Debug|Any CPU
		{CC47582D-3337-409F-BAFE-9EA60308C9AE}.Release|Any CPU.ActiveCfg = Release|Any CPU
		{CC47582D-3337-409F-BAFE-9EA60308C9AE}.Release|Any CPU.Build.0 = Release|Any CPU
		{F8FB71D0-6E61-4A11-B7B2-550B99233E3D}.Debug|Any CPU.ActiveCfg = Debug|Any CPU
		{F8FB71D0-6E61-4A11-B7B2-550B99233E3D}.Debug|Any CPU.Build.0 = Debug|Any CPU
		{F8FB71D0-6E61-4A11-B7B2-550B99233E3D}.Release|Any CPU.ActiveCfg = Release|Any CPU
		{F8FB71D0-6E61-4A11-B7B2-550B99233E3D}.Release|Any CPU.Build.0 = Release|Any CPU
		{F98AB756-AA37-4304-B058-6626FBCF79F0}.Debug|Any CPU.ActiveCfg = Debug|Any CPU
		{F98AB756-AA37-4304-B058-6626FBCF79F0}.Debug|Any CPU.Build.0 = Debug|Any CPU
		{F98AB756-AA37-4304-B058-6626FBCF79F0}.Release|Any CPU.ActiveCfg = Release|Any CPU
		{F98AB756-AA37-4304-B058-6626FBCF79F0}.Release|Any CPU.Build.0 = Release|Any CPU
		{F598AC52-3AB2-40F0-AC43-3321D2801789}.Debug|Any CPU.ActiveCfg = Debug|Any CPU
		{F598AC52-3AB2-40F0-AC43-3321D2801789}.Debug|Any CPU.Build.0 = Debug|Any CPU
		{F598AC52-3AB2-40F0-AC43-3321D2801789}.Release|Any CPU.ActiveCfg = Release|Any CPU
		{F598AC52-3AB2-40F0-AC43-3321D2801789}.Release|Any CPU.Build.0 = Release|Any CPU
		{8C248B27-0929-4602-94E5-2345E1347FA6}.Debug|Any CPU.ActiveCfg = Debug|Any CPU
		{8C248B27-0929-4602-94E5-2345E1347FA6}.Debug|Any CPU.Build.0 = Debug|Any CPU
		{8C248B27-0929-4602-94E5-2345E1347FA6}.Release|Any CPU.ActiveCfg = Release|Any CPU
		{8C248B27-0929-4602-94E5-2345E1347FA6}.Release|Any CPU.Build.0 = Release|Any CPU
		{05888141-FDB7-4761-8491-61DED40BB40F}.Debug|Any CPU.ActiveCfg = Debug|Any CPU
		{05888141-FDB7-4761-8491-61DED40BB40F}.Debug|Any CPU.Build.0 = Debug|Any CPU
		{05888141-FDB7-4761-8491-61DED40BB40F}.Release|Any CPU.ActiveCfg = Release|Any CPU
		{05888141-FDB7-4761-8491-61DED40BB40F}.Release|Any CPU.Build.0 = Release|Any CPU
		{77D3FF05-E516-486C-8B7D-EDC61AB3740B}.Debug|Any CPU.ActiveCfg = Debug|Any CPU
		{77D3FF05-E516-486C-8B7D-EDC61AB3740B}.Debug|Any CPU.Build.0 = Debug|Any CPU
		{77D3FF05-E516-486C-8B7D-EDC61AB3740B}.Release|Any CPU.ActiveCfg = Release|Any CPU
		{77D3FF05-E516-486C-8B7D-EDC61AB3740B}.Release|Any CPU.Build.0 = Release|Any CPU
		{4671DFD2-AC16-4651-95B1-D7196959F267}.Debug|Any CPU.ActiveCfg = Debug|Any CPU
		{4671DFD2-AC16-4651-95B1-D7196959F267}.Debug|Any CPU.Build.0 = Debug|Any CPU
		{4671DFD2-AC16-4651-95B1-D7196959F267}.Release|Any CPU.ActiveCfg = Release|Any CPU
		{4671DFD2-AC16-4651-95B1-D7196959F267}.Release|Any CPU.Build.0 = Release|Any CPU
		{C7F6A001-E413-4FBD-A4AF-AF08442CF90C}.Debug|Any CPU.ActiveCfg = Debug|Any CPU
		{C7F6A001-E413-4FBD-A4AF-AF08442CF90C}.Debug|Any CPU.Build.0 = Debug|Any CPU
		{C7F6A001-E413-4FBD-A4AF-AF08442CF90C}.Release|Any CPU.ActiveCfg = Release|Any CPU
		{C7F6A001-E413-4FBD-A4AF-AF08442CF90C}.Release|Any CPU.Build.0 = Release|Any CPU
		{7AC580D1-39A9-4A82-8680-A35D931867BD}.Debug|Any CPU.ActiveCfg = Debug|Any CPU
		{7AC580D1-39A9-4A82-8680-A35D931867BD}.Debug|Any CPU.Build.0 = Debug|Any CPU
		{7AC580D1-39A9-4A82-8680-A35D931867BD}.Release|Any CPU.ActiveCfg = Release|Any CPU
		{7AC580D1-39A9-4A82-8680-A35D931867BD}.Release|Any CPU.Build.0 = Release|Any CPU
		{CC846162-81B1-4A59-8F4E-1B1A58A3E203}.Debug|Any CPU.ActiveCfg = Debug|Any CPU
		{CC846162-81B1-4A59-8F4E-1B1A58A3E203}.Debug|Any CPU.Build.0 = Debug|Any CPU
		{CC846162-81B1-4A59-8F4E-1B1A58A3E203}.Release|Any CPU.ActiveCfg = Release|Any CPU
		{CC846162-81B1-4A59-8F4E-1B1A58A3E203}.Release|Any CPU.Build.0 = Release|Any CPU
		{8175F7AD-4333-42EC-993C-836FB5C3DF85}.Debug|Any CPU.ActiveCfg = Debug|Any CPU
		{8175F7AD-4333-42EC-993C-836FB5C3DF85}.Debug|Any CPU.Build.0 = Debug|Any CPU
		{8175F7AD-4333-42EC-993C-836FB5C3DF85}.Release|Any CPU.ActiveCfg = Release|Any CPU
		{8175F7AD-4333-42EC-993C-836FB5C3DF85}.Release|Any CPU.Build.0 = Release|Any CPU
		{82A2D763-FA61-4E5A-B3EB-F5239976EF8E}.Debug|Any CPU.ActiveCfg = Debug|Any CPU
		{82A2D763-FA61-4E5A-B3EB-F5239976EF8E}.Debug|Any CPU.Build.0 = Debug|Any CPU
		{82A2D763-FA61-4E5A-B3EB-F5239976EF8E}.Release|Any CPU.ActiveCfg = Release|Any CPU
		{82A2D763-FA61-4E5A-B3EB-F5239976EF8E}.Release|Any CPU.Build.0 = Release|Any CPU
		{65F3BBA4-DF6F-4AB8-B329-43D73CB56213}.Debug|Any CPU.ActiveCfg = Debug|Any CPU
		{65F3BBA4-DF6F-4AB8-B329-43D73CB56213}.Debug|Any CPU.Build.0 = Debug|Any CPU
		{65F3BBA4-DF6F-4AB8-B329-43D73CB56213}.Release|Any CPU.ActiveCfg = Release|Any CPU
		{65F3BBA4-DF6F-4AB8-B329-43D73CB56213}.Release|Any CPU.Build.0 = Release|Any CPU
		{DBB94268-773E-4E23-A29A-47F1FE2FA6B7}.Debug|Any CPU.ActiveCfg = Debug|Any CPU
		{DBB94268-773E-4E23-A29A-47F1FE2FA6B7}.Debug|Any CPU.Build.0 = Debug|Any CPU
		{DBB94268-773E-4E23-A29A-47F1FE2FA6B7}.Release|Any CPU.ActiveCfg = Release|Any CPU
		{DBB94268-773E-4E23-A29A-47F1FE2FA6B7}.Release|Any CPU.Build.0 = Release|Any CPU
		{B2203823-9DC7-4774-9B5D-D4505FC03D61}.Debug|Any CPU.ActiveCfg = Debug|Any CPU
		{B2203823-9DC7-4774-9B5D-D4505FC03D61}.Debug|Any CPU.Build.0 = Debug|Any CPU
		{B2203823-9DC7-4774-9B5D-D4505FC03D61}.Release|Any CPU.ActiveCfg = Release|Any CPU
		{B2203823-9DC7-4774-9B5D-D4505FC03D61}.Release|Any CPU.Build.0 = Release|Any CPU
		{2FF6D997-C857-424B-915B-736E5A5EE86C}.Debug|Any CPU.ActiveCfg = Debug|Any CPU
		{2FF6D997-C857-424B-915B-736E5A5EE86C}.Debug|Any CPU.Build.0 = Debug|Any CPU
		{2FF6D997-C857-424B-915B-736E5A5EE86C}.Release|Any CPU.ActiveCfg = Release|Any CPU
		{2FF6D997-C857-424B-915B-736E5A5EE86C}.Release|Any CPU.Build.0 = Release|Any CPU
		{33EDB5D8-4F3E-4137-8E2B-F61D0B95110C}.Debug|Any CPU.ActiveCfg = Debug|Any CPU
		{33EDB5D8-4F3E-4137-8E2B-F61D0B95110C}.Debug|Any CPU.Build.0 = Debug|Any CPU
		{33EDB5D8-4F3E-4137-8E2B-F61D0B95110C}.Release|Any CPU.ActiveCfg = Release|Any CPU
		{33EDB5D8-4F3E-4137-8E2B-F61D0B95110C}.Release|Any CPU.Build.0 = Release|Any CPU
		{D7E1DEF2-8EEE-4579-B3D2-A7FC6BB9C831}.Debug|Any CPU.ActiveCfg = Debug|Any CPU
		{D7E1DEF2-8EEE-4579-B3D2-A7FC6BB9C831}.Debug|Any CPU.Build.0 = Debug|Any CPU
		{D7E1DEF2-8EEE-4579-B3D2-A7FC6BB9C831}.Release|Any CPU.ActiveCfg = Release|Any CPU
		{D7E1DEF2-8EEE-4579-B3D2-A7FC6BB9C831}.Release|Any CPU.Build.0 = Release|Any CPU
		{2FE42933-2617-42F4-A09A-EC3D77772886}.Debug|Any CPU.ActiveCfg = Debug|Any CPU
		{2FE42933-2617-42F4-A09A-EC3D77772886}.Debug|Any CPU.Build.0 = Debug|Any CPU
		{2FE42933-2617-42F4-A09A-EC3D77772886}.Release|Any CPU.ActiveCfg = Release|Any CPU
		{2FE42933-2617-42F4-A09A-EC3D77772886}.Release|Any CPU.Build.0 = Release|Any CPU
		{B46863B4-A047-4955-BDEC-A656456A2FA7}.Debug|Any CPU.ActiveCfg = Debug|Any CPU
		{B46863B4-A047-4955-BDEC-A656456A2FA7}.Debug|Any CPU.Build.0 = Debug|Any CPU
		{B46863B4-A047-4955-BDEC-A656456A2FA7}.Release|Any CPU.ActiveCfg = Release|Any CPU
		{B46863B4-A047-4955-BDEC-A656456A2FA7}.Release|Any CPU.Build.0 = Release|Any CPU
	EndGlobalSection
	GlobalSection(SolutionProperties) = preSolution
		HideSolutionNode = FALSE
	EndGlobalSection
	GlobalSection(NestedProjects) = preSolution
		{BE56D31A-1457-454C-B084-B8F645E8D7F6} = {3E48A53E-C8B5-4DE3-A51F-4F84F2A83413}
		{FE94F32B-E9B9-4A31-85EE-BCA5366D963F} = {BE56D31A-1457-454C-B084-B8F645E8D7F6}
		{6294096E-EC5C-46B6-8BA6-6BCC2D181A6C} = {C915F492-E693-4BB3-B97B-C699FD581991}
		{1BC65096-362C-4FBE-8787-C5B10ACA15D4} = {3E48A53E-C8B5-4DE3-A51F-4F84F2A83413}
		{9B3E64A7-EF17-4066-B283-8AA8463C740D} = {BE56D31A-1457-454C-B084-B8F645E8D7F6}
		{00BE2B7C-37F9-4310-85DE-AF35F1057754} = {C915F492-E693-4BB3-B97B-C699FD581991}
		{1066E43D-EDCE-47A3-9D2D-0F55AFDCA88B} = {BE56D31A-1457-454C-B084-B8F645E8D7F6}
		{051C9BBA-A0B0-456C-BBD4-444207B8D82F} = {C915F492-E693-4BB3-B97B-C699FD581991}
		{80DD867B-EDBE-422C-9800-3E89581677BE} = {C915F492-E693-4BB3-B97B-C699FD581991}
		{C1F2691B-C104-4038-A02B-BD11BE3219DF} = {1BC65096-362C-4FBE-8787-C5B10ACA15D4}
		{29A547D5-4B30-40F0-A328-C2111752F810} = {C915F492-E693-4BB3-B97B-C699FD581991}
		{F9406D2C-A5B0-480D-9375-212F94964B93} = {1BC65096-362C-4FBE-8787-C5B10ACA15D4}
		{CC47582D-3337-409F-BAFE-9EA60308C9AE} = {C915F492-E693-4BB3-B97B-C699FD581991}
		{F8FB71D0-6E61-4A11-B7B2-550B99233E3D} = {1BC65096-362C-4FBE-8787-C5B10ACA15D4}
		{F98AB756-AA37-4304-B058-6626FBCF79F0} = {C915F492-E693-4BB3-B97B-C699FD581991}
		{25077DF6-E1DF-4000-B603-2CC6B990A4D8} = {3E48A53E-C8B5-4DE3-A51F-4F84F2A83413}
		{F598AC52-3AB2-40F0-AC43-3321D2801789} = {25077DF6-E1DF-4000-B603-2CC6B990A4D8}
		{01C8DDF2-9C69-4E45-96B5-CADE4D0AD758} = {C915F492-E693-4BB3-B97B-C699FD581991}
		{8C248B27-0929-4602-94E5-2345E1347FA6} = {01C8DDF2-9C69-4E45-96B5-CADE4D0AD758}
		{05888141-FDB7-4761-8491-61DED40BB40F} = {3E48A53E-C8B5-4DE3-A51F-4F84F2A83413}
		{F492185D-A056-41AA-8849-0465BFBC1993} = {C915F492-E693-4BB3-B97B-C699FD581991}
		{77D3FF05-E516-486C-8B7D-EDC61AB3740B} = {F492185D-A056-41AA-8849-0465BFBC1993}
		{290FF673-3B2E-4E97-AB9D-43D58D55DBB4} = {3E48A53E-C8B5-4DE3-A51F-4F84F2A83413}
		{4671DFD2-AC16-4651-95B1-D7196959F267} = {F492185D-A056-41AA-8849-0465BFBC1993}
		{C7F6A001-E413-4FBD-A4AF-AF08442CF90C} = {290FF673-3B2E-4E97-AB9D-43D58D55DBB4}
		{7AC580D1-39A9-4A82-8680-A35D931867BD} = {290FF673-3B2E-4E97-AB9D-43D58D55DBB4}
		{CC846162-81B1-4A59-8F4E-1B1A58A3E203} = {F492185D-A056-41AA-8849-0465BFBC1993}
		{8175F7AD-4333-42EC-993C-836FB5C3DF85} = {1BC65096-362C-4FBE-8787-C5B10ACA15D4}
		{7011C068-0308-40F7-8145-02CED94A31D7} = {C915F492-E693-4BB3-B97B-C699FD581991}
		{82A2D763-FA61-4E5A-B3EB-F5239976EF8E} = {7011C068-0308-40F7-8145-02CED94A31D7}
		{65F3BBA4-DF6F-4AB8-B329-43D73CB56213} = {25077DF6-E1DF-4000-B603-2CC6B990A4D8}
		{DBB94268-773E-4E23-A29A-47F1FE2FA6B7} = {01C8DDF2-9C69-4E45-96B5-CADE4D0AD758}
		{B2203823-9DC7-4774-9B5D-D4505FC03D61} = {25077DF6-E1DF-4000-B603-2CC6B990A4D8}
		{2FF6D997-C857-424B-915B-736E5A5EE86C} = {01C8DDF2-9C69-4E45-96B5-CADE4D0AD758}
		{33EDB5D8-4F3E-4137-8E2B-F61D0B95110C} = {25077DF6-E1DF-4000-B603-2CC6B990A4D8}
		{D7E1DEF2-8EEE-4579-B3D2-A7FC6BB9C831} = {01C8DDF2-9C69-4E45-96B5-CADE4D0AD758}
		{2FE42933-2617-42F4-A09A-EC3D77772886} = {1BC65096-362C-4FBE-8787-C5B10ACA15D4}
		{B46863B4-A047-4955-BDEC-A656456A2FA7} = {7011C068-0308-40F7-8145-02CED94A31D7}
	EndGlobalSection
EndGlobal
